
Microsoft Visual Studio Solution File, Format Version 12.00
# Visual Studio Version 16
VisualStudioVersion = 16.0.29215.179
MinimumVisualStudioVersion = 10.0.40219.1
Project("{FAE04EC0-301F-11D3-BF4B-00C04F79EFBC}") = "ConsoleApp1", "ConsoleApp1\ConsoleApp1.csproj", "{F2C0047A-9BC3-4C2C-B5FE-32FB6EA8ACE2}"
EndProject
Global
	GlobalSection(SolutionConfigurationPlatforms) = preSolution
		Debug|Any CPU = Debug|Any CPU
		Release|Any CPU = Release|Any CPU
	EndGlobalSection
	GlobalSection(ProjectConfigurationPlatforms) = postSolution
		{F2C0047A-9BC3-4C2C-B5FE-32FB6EA8ACE2}.Debug|Any CPU.ActiveCfg = Debug|Any CPU
		{F2C0047A-9BC3-4C2C-B5FE-32FB6EA8ACE2}.Debug|Any CPU.Build.0 = Debug|Any CPU
		{F2C0047A-9BC3-4C2C-B5FE-32FB6EA8ACE2}.Release|Any CPU.ActiveCfg = Release|Any CPU
		{F2C0047A-9BC3-4C2C-B5FE-32FB6EA8ACE2}.Release|Any CPU.Build.0 = Release|Any CPU
	EndGlobalSection
	GlobalSection(SolutionProperties) = preSolution
		HideSolutionNode = FALSE
	EndGlobalSection
	GlobalSection(ExtensibilityGlobals) = postSolution
		SolutionGuid = {AD524F3D-A98E-43E2-B1EC-F5996D5BCDB7}
	EndGlobalSection
EndGlobal
